<?xml version="1.0" encoding="utf-8"?>
<Project ToolsVersion="4.0" xmlns="http://schemas.microsoft.com/developer/msbuild/2003">
  <ItemGroup>
    <ClCompile Include="main.cpp" />
    <ClCompile Include="src\vrita.cpp">
      <Filter>src</Filter>
    </ClCompile>
    <ClCompile Include="src\dots.cpp">
      <Filter>src</Filter>
    </ClCompile>
    <ClCompile Include="src\emulators.cpp">
      <Filter>src</Filter>
    </ClCompile>
    <ClCompile Include="src\dmg.cpp">
      <Filter>src</Filter>
    </ClCompile>
    <ClCompile Include="src\agb.cpp">
      <Filter>src</Filter>
    </ClCompile>
    <ClCompile Include="src\filebrowser.cpp">
      <Filter>src</Filter>
    </ClCompile>
  </ItemGroup>
  <ItemGroup>
    <Filter Include="src">
      <UniqueIdentifier>{662dcd79-ab4b-443e-893c-bfa1e87490f6}</UniqueIdentifier>
    </Filter>
    <Filter Include="include">
      <UniqueIdentifier>{fa0587b0-2376-4653-ba53-7f5e4b3af35e}</UniqueIdentifier>
    </Filter>
  </ItemGroup>
  <ItemGroup>
    <ClInclude Include="include\code.hpp">
      <Filter>include</Filter>
    </ClInclude>
    <ClInclude Include="include\dmg.hpp">
      <Filter>include</Filter>
    </ClInclude>
    <ClInclude Include="include\emulators.hpp">
      <Filter>include</Filter>
    </ClInclude>
    <ClInclude Include="include\dots.hpp">
      <Filter>include</Filter>
    </ClInclude>
    <ClInclude Include="include\agb.hpp">
      <Filter>include</Filter>
    </ClInclude>
    <ClInclude Include="include\filebrowser.hpp">
      <Filter>include</Filter>
    </ClInclude>
    <ClInclude Include="include\files.hpp">
      <Filter>include</Filter>
    </ClInclude>
    <ClInclude Include="include\datetimes.hpp">
      <Filter>include</Filter>
    </ClInclude>
  </ItemGroup>
</Project>