<?xml version="1.0" encoding="utf-8"?>
<Project ToolsVersion="4.0" xmlns="http://schemas.microsoft.com/developer/msbuild/2003">
  <ItemGroup>
    <ClCompile Include="main.cpp" />
    <ClCompile Include="src\vrita.cpp">
      <Filter>src</Filter>
    </ClCompile>
    <ClCompile Include="src\dots.cpp">
      <Filter>src</Filter>
    </ClCompile>
    <ClCompile Include="src\emulators.cpp">
      <Filter>src</Filter>
    </ClCompile>
    <ClCompile Include="src\filebrowser.cpp">
      <Filter>src</Filter>
    </ClCompile>
    <ClCompile Include="src\agb\agb.cpp">
      <Filter>src\agb</Filter>
    </ClCompile>
    <ClCompile Include="src\dmg\dmg.cpp">
      <Filter>src\dmg</Filter>
    </ClCompile>
    <ClCompile Include="src\dmg\apu.cpp">
      <Filter>src\dmg</Filter>
    </ClCompile>
    <ClCompile Include="src\dmg\cpu.cpp">
      <Filter>src\dmg</Filter>
    </ClCompile>
    <ClCompile Include="src\dmg\ppu.cpp">
      <Filter>src\dmg</Filter>
    </ClCompile>
    <ClCompile Include="src\dmg\mmu.cpp">
      <Filter>src\dmg</Filter>
    </ClCompile>
  </ItemGroup>
  <ItemGroup>
    <Filter Include="src">
      <UniqueIdentifier>{662dcd79-ab4b-443e-893c-bfa1e87490f6}</UniqueIdentifier>
    </Filter>
    <Filter Include="include">
      <UniqueIdentifier>{fa0587b0-2376-4653-ba53-7f5e4b3af35e}</UniqueIdentifier>
    </Filter>
    <Filter Include="src\agb">
      <UniqueIdentifier>{ce524556-f929-48e4-a7e0-b87a0cf3569f}</UniqueIdentifier>
    </Filter>
    <Filter Include="src\dmg">
      <UniqueIdentifier>{f2cdac0d-25f9-4062-8d5d-5c929c7e1652}</UniqueIdentifier>
    </Filter>
    <Filter Include="include\agb">
      <UniqueIdentifier>{20535d3c-46d5-4a42-87b3-c612cf2cd1d2}</UniqueIdentifier>
    </Filter>
    <Filter Include="include\dmg">
      <UniqueIdentifier>{e3b3b4c7-0173-4eee-851a-996f115c146e}</UniqueIdentifier>
    </Filter>
  </ItemGroup>
  <ItemGroup>
    <ClInclude Include="include\code.hpp">
      <Filter>include</Filter>
    </ClInclude>
    <ClInclude Include="include\emulators.hpp">
      <Filter>include</Filter>
    </ClInclude>
    <ClInclude Include="include\dots.hpp">
      <Filter>include</Filter>
    </ClInclude>
    <ClInclude Include="include\filebrowser.hpp">
      <Filter>include</Filter>
    </ClInclude>
    <ClInclude Include="include\files.hpp">
      <Filter>include</Filter>
    </ClInclude>
    <ClInclude Include="include\datetimes.hpp">
      <Filter>include</Filter>
    </ClInclude>
    <ClInclude Include="include\dmg\dmg.hpp">
      <Filter>include\dmg</Filter>
    </ClInclude>
    <ClInclude Include="include\agb\agb.hpp">
      <Filter>include\agb</Filter>
    </ClInclude>
    <ClInclude Include="include\dmg\apu.hpp">
      <Filter>include\dmg</Filter>
    </ClInclude>
    <ClInclude Include="include\dmg\cpu.hpp">
      <Filter>include\dmg</Filter>
    </ClInclude>
    <ClInclude Include="include\dmg\ppu.hpp">
      <Filter>include\dmg</Filter>
    </ClInclude>
    <ClInclude Include="include\dmg\mmu.hpp">
      <Filter>include\dmg</Filter>
    </ClInclude>
    <ClInclude Include="include\logger.hpp">
      <Filter>include</Filter>
    </ClInclude>
    <ClInclude Include="include\dmg\mbc.hpp">
      <Filter>include\dmg</Filter>
    </ClInclude>
    <ClInclude Include="include\dmg\cartridge.hpp">
      <Filter>include\dmg</Filter>
    </ClInclude>
  </ItemGroup>
</Project>